<?xml version="1.0" encoding="utf-8"?>
<Project ToolsVersion="4.0" xmlns="http://schemas.microsoft.com/developer/msbuild/2003">
  <ItemGroup>
    <Filter Include="Source">
      <UniqueIdentifier>{f2de56b6-0c35-4e90-820c-6da04f6589f6}</UniqueIdentifier>
    </Filter>
    <Filter Include="Include">
      <UniqueIdentifier>{03ca1176-0686-4353-9cc4-26aad839f31e}</UniqueIdentifier>
    </Filter>
    <Filter Include="Source\Generic2D">
      <UniqueIdentifier>{fa11c9a8-c776-40ab-aaa0-2e6c9aaeaa61}</UniqueIdentifier>
    </Filter>
    <Filter Include="Include\Surfaces">
      <UniqueIdentifier>{c9b03505-a04c-4910-8f60-3ead98e7049d}</UniqueIdentifier>
    </Filter>
  </ItemGroup>
  <ItemGroup>
    <ClInclude Include="..\Source\stdafx.h">
      <Filter>Source</Filter>
    </ClInclude>
    <ClInclude Include="..\Include\mg2D.h">
      <Filter>Include</Filter>
    </ClInclude>
    <ClInclude Include="..\Include\mgBrush.h">
      <Filter>Include</Filter>
    </ClInclude>
    <ClInclude Include="..\Include\mgColor.h">
      <Filter>Include</Filter>
    </ClInclude>
    <ClInclude Include="..\Include\mgContext.h">
      <Filter>Include</Filter>
    </ClInclude>
    <ClInclude Include="..\Include\mgFont.h">
      <Filter>Include</Filter>
    </ClInclude>
    <ClInclude Include="..\Include\mgIcon.h">
      <Filter>Include</Filter>
    </ClInclude>
    <ClInclude Include="..\Include\mgImage.h">
      <Filter>Include</Filter>
    </ClInclude>
    <ClInclude Include="..\Include\mgPen.h">
      <Filter>Include</Filter>
    </ClInclude>
    <ClInclude Include="..\Include\mgResource.h">
      <Filter>Include</Filter>
    </ClInclude>
    <ClInclude Include="..\Include\mgSurface.h">
      <Filter>Include</Filter>
    </ClInclude>
    <ClInclude Include="..\Include\mgTypes2D.h">
      <Filter>Include</Filter>
    </ClInclude>
    <ClInclude Include="..\Include\Surfaces\mgGenSurface.h">
      <Filter>Include\Surfaces</Filter>
    </ClInclude>
    <ClInclude Include="..\Include\Surfaces\mgFTFont.h">
      <Filter>Include\Surfaces</Filter>
    </ClInclude>
    <ClInclude Include="..\Include\Surfaces\mgGenContext.h">
      <Filter>Include\Surfaces</Filter>
    </ClInclude>
    <ClInclude Include="..\Include\Surfaces\mgGenFont.h">
      <Filter>Include\Surfaces</Filter>
    </ClInclude>
    <ClInclude Include="..\Include\Surfaces\mgGenIcon.h">
      <Filter>Include\Surfaces</Filter>
    </ClInclude>
    <ClInclude Include="..\Include\Surfaces\mgGenImage.h">
      <Filter>Include\Surfaces</Filter>
    </ClInclude>
  </ItemGroup>
  <ItemGroup>
    <ClCompile Include="..\Source\stdafx.cpp">
      <Filter>Source</Filter>
    </ClCompile>
    <ClCompile Include="..\Source\Generic2D\mgGenContext.cpp">
      <Filter>Source\Generic2D</Filter>
    </ClCompile>
    <ClCompile Include="..\Source\Generic2D\mgGenFont.cpp">
      <Filter>Source\Generic2D</Filter>
    </ClCompile>
    <ClCompile Include="..\Source\Generic2D\mgGenSurface.cpp">
      <Filter>Source\Generic2D</Filter>
    </ClCompile>
    <ClCompile Include="..\Source\mgColor.cpp">
      <Filter>Source</Filter>
    </ClCompile>
    <ClCompile Include="..\Source\Generic2D\mgFTFont.cpp">
      <Filter>Source\Generic2D</Filter>
    </ClCompile>
  </ItemGroup>
</Project>