<?xml version="1.0" encoding="utf-8"?>
<Project ToolsVersion="4.0" xmlns="http://schemas.microsoft.com/developer/msbuild/2003">
  <ItemGroup>
    <Filter Include="Source">
      <UniqueIdentifier>{e8c685fd-8616-4aae-98af-a1d581984242}</UniqueIdentifier>
    </Filter>
  </ItemGroup>
  <ItemGroup>
    <ClCompile Include="..\Source\BVHFile.cpp">
      <Filter>Source</Filter>
    </ClCompile>
    <ClCompile Include="..\Source\BVHView.cpp">
      <Filter>Source</Filter>
    </ClCompile>
    <ClCompile Include="..\Source\HelpUI.cpp">
      <Filter>Source</Filter>
    </ClCompile>
    <ClCompile Include="..\Source\MovementApp.cpp">
      <Filter>Source</Filter>
    </ClCompile>
    <ClCompile Include="..\Source\stdafx.cpp">
      <Filter>Source</Filter>
    </ClCompile>
  </ItemGroup>
  <ItemGroup>
    <ClInclude Include="..\Source\BVHFile.h">
      <Filter>Source</Filter>
    </ClInclude>
    <ClInclude Include="..\Source\BVHView.h">
      <Filter>Source</Filter>
    </ClInclude>
    <ClInclude Include="..\Source\HelpUI.h">
      <Filter>Source</Filter>
    </ClInclude>
    <ClInclude Include="..\Source\MovementApp.h">
      <Filter>Source</Filter>
    </ClInclude>
    <ClInclude Include="..\Source\stdafx.h">
      <Filter>Source</Filter>
    </ClInclude>
  </ItemGroup>
</Project>