<?xml version="1.0" encoding="utf-8"?>
<Project ToolsVersion="4.0" xmlns="http://schemas.microsoft.com/developer/msbuild/2003">
  <ItemGroup>
    <Filter Include="Source">
      <UniqueIdentifier>{4FC737F1-C7A5-4376-A066-2A32D752A2FF}</UniqueIdentifier>
      <Extensions>cpp;c;cc;cxx;def;odl;idl;hpj;bat;asm;asmx</Extensions>
    </Filter>
    <Filter Include="Include">
      <UniqueIdentifier>{93995380-89BD-4b04-88EB-625FBE52EBFB}</UniqueIdentifier>
      <Extensions>h;hpp;hxx;hm;inl;inc;xsd</Extensions>
    </Filter>
  </ItemGroup>
  <ItemGroup>
    <ClInclude Include="..\Include\jconfig.h">
      <Filter>Include</Filter>
    </ClInclude>
    <ClInclude Include="..\Include\jerror.h">
      <Filter>Include</Filter>
    </ClInclude>
    <ClInclude Include="..\Include\jmorecfg.h">
      <Filter>Include</Filter>
    </ClInclude>
    <ClInclude Include="..\Include\jpeglib.h">
      <Filter>Include</Filter>
    </ClInclude>
    <ClInclude Include="..\Source\jchuff.h">
      <Filter>Include</Filter>
    </ClInclude>
    <ClInclude Include="..\Source\jdct.h">
      <Filter>Include</Filter>
    </ClInclude>
    <ClInclude Include="..\Source\jdhuff.h">
      <Filter>Include</Filter>
    </ClInclude>
    <ClInclude Include="..\Source\jmemsys.h">
      <Filter>Include</Filter>
    </ClInclude>
    <ClInclude Include="..\Source\jpegint.h">
      <Filter>Include</Filter>
    </ClInclude>
    <ClInclude Include="..\Source\jversion.h">
      <Filter>Include</Filter>
    </ClInclude>
    <ClInclude Include="..\Include\cderror.h">
      <Filter>Include</Filter>
    </ClInclude>
    <ClInclude Include="..\Include\cdjpeg.h">
      <Filter>Include</Filter>
    </ClInclude>
    <ClInclude Include="..\Include\jinclude.h">
      <Filter>Include</Filter>
    </ClInclude>
  </ItemGroup>
  <ItemGroup>
    <ClCompile Include="..\Source\jcapimin.cpp">
      <Filter>Source</Filter>
    </ClCompile>
    <ClCompile Include="..\Source\jcapistd.cpp">
      <Filter>Source</Filter>
    </ClCompile>
    <ClCompile Include="..\Source\jccoefct.cpp">
      <Filter>Source</Filter>
    </ClCompile>
    <ClCompile Include="..\Source\jccolor.cpp">
      <Filter>Source</Filter>
    </ClCompile>
    <ClCompile Include="..\Source\jcdctmgr.cpp">
      <Filter>Source</Filter>
    </ClCompile>
    <ClCompile Include="..\Source\jchuff.cpp">
      <Filter>Source</Filter>
    </ClCompile>
    <ClCompile Include="..\Source\jcinit.cpp">
      <Filter>Source</Filter>
    </ClCompile>
    <ClCompile Include="..\Source\jcmainct.cpp">
      <Filter>Source</Filter>
    </ClCompile>
    <ClCompile Include="..\Source\jcmarker.cpp">
      <Filter>Source</Filter>
    </ClCompile>
    <ClCompile Include="..\Source\jcmaster.cpp">
      <Filter>Source</Filter>
    </ClCompile>
    <ClCompile Include="..\Source\jcomapi.cpp">
      <Filter>Source</Filter>
    </ClCompile>
    <ClCompile Include="..\Source\jcparam.cpp">
      <Filter>Source</Filter>
    </ClCompile>
    <ClCompile Include="..\Source\jcphuff.cpp">
      <Filter>Source</Filter>
    </ClCompile>
    <ClCompile Include="..\Source\jcprepct.cpp">
      <Filter>Source</Filter>
    </ClCompile>
    <ClCompile Include="..\Source\jcsample.cpp">
      <Filter>Source</Filter>
    </ClCompile>
    <ClCompile Include="..\Source\jctrans.cpp">
      <Filter>Source</Filter>
    </ClCompile>
    <ClCompile Include="..\Source\jdapimin.cpp">
      <Filter>Source</Filter>
    </ClCompile>
    <ClCompile Include="..\Source\jdapistd.cpp">
      <Filter>Source</Filter>
    </ClCompile>
    <ClCompile Include="..\Source\jdatadst.cpp">
      <Filter>Source</Filter>
    </ClCompile>
    <ClCompile Include="..\Source\jdatasrc.cpp">
      <Filter>Source</Filter>
    </ClCompile>
    <ClCompile Include="..\Source\jdcoefct.cpp">
      <Filter>Source</Filter>
    </ClCompile>
    <ClCompile Include="..\Source\jdcolor.cpp">
      <Filter>Source</Filter>
    </ClCompile>
    <ClCompile Include="..\Source\jddctmgr.cpp">
      <Filter>Source</Filter>
    </ClCompile>
    <ClCompile Include="..\Source\jdhuff.cpp">
      <Filter>Source</Filter>
    </ClCompile>
    <ClCompile Include="..\Source\jdinput.cpp">
      <Filter>Source</Filter>
    </ClCompile>
    <ClCompile Include="..\Source\jdmainct.cpp">
      <Filter>Source</Filter>
    </ClCompile>
    <ClCompile Include="..\Source\jdmarker.cpp">
      <Filter>Source</Filter>
    </ClCompile>
    <ClCompile Include="..\Source\jdmaster.cpp">
      <Filter>Source</Filter>
    </ClCompile>
    <ClCompile Include="..\Source\jdmerge.cpp">
      <Filter>Source</Filter>
    </ClCompile>
    <ClCompile Include="..\Source\jdphuff.cpp">
      <Filter>Source</Filter>
    </ClCompile>
    <ClCompile Include="..\Source\jdpostct.cpp">
      <Filter>Source</Filter>
    </ClCompile>
    <ClCompile Include="..\Source\jdsample.cpp">
      <Filter>Source</Filter>
    </ClCompile>
    <ClCompile Include="..\Source\jdtrans.cpp">
      <Filter>Source</Filter>
    </ClCompile>
    <ClCompile Include="..\Source\jerror.cpp">
      <Filter>Source</Filter>
    </ClCompile>
    <ClCompile Include="..\Source\jfdctflt.cpp">
      <Filter>Source</Filter>
    </ClCompile>
    <ClCompile Include="..\Source\jfdctfst.cpp">
      <Filter>Source</Filter>
    </ClCompile>
    <ClCompile Include="..\Source\jfdctint.cpp">
      <Filter>Source</Filter>
    </ClCompile>
    <ClCompile Include="..\Source\jidctflt.cpp">
      <Filter>Source</Filter>
    </ClCompile>
    <ClCompile Include="..\Source\jidctfst.cpp">
      <Filter>Source</Filter>
    </ClCompile>
    <ClCompile Include="..\Source\jidctint.cpp">
      <Filter>Source</Filter>
    </ClCompile>
    <ClCompile Include="..\Source\jidctred.cpp">
      <Filter>Source</Filter>
    </ClCompile>
    <ClCompile Include="..\Source\jmemmgr.cpp">
      <Filter>Source</Filter>
    </ClCompile>
    <ClCompile Include="..\Source\jmemnobs.cpp">
      <Filter>Source</Filter>
    </ClCompile>
    <ClCompile Include="..\Source\jquant1.cpp">
      <Filter>Source</Filter>
    </ClCompile>
    <ClCompile Include="..\Source\jquant2.cpp">
      <Filter>Source</Filter>
    </ClCompile>
    <ClCompile Include="..\Source\jutils.cpp">
      <Filter>Source</Filter>
    </ClCompile>
    <ClCompile Include="..\Source\rdbmp.cpp">
      <Filter>Source</Filter>
    </ClCompile>
    <ClCompile Include="..\Source\rdgif.cpp">
      <Filter>Source</Filter>
    </ClCompile>
  </ItemGroup>
</Project>