<?xml version="1.0" encoding="utf-8"?>
<Project ToolsVersion="4.0" xmlns="http://schemas.microsoft.com/developer/msbuild/2003">
  <ItemGroup>
    <Filter Include="Source">
      <UniqueIdentifier>{bf16bc36-290c-4a86-9c05-096d093387b1}</UniqueIdentifier>
    </Filter>
  </ItemGroup>
  <ItemGroup>
    <ClCompile Include="..\Source\GuiTestGL.cpp">
      <Filter>Source</Filter>
    </ClCompile>
    <ClCompile Include="..\Source\stdafx.cpp">
      <Filter>Source</Filter>
    </ClCompile>
    <ClCompile Include="..\Source\TextureSurface.cpp">
      <Filter>Source</Filter>
    </ClCompile>
    <ClCompile Include="..\Source\mgFontList.cpp">
      <Filter>Source</Filter>
    </ClCompile>
    <ClCompile Include="..\Source\SampleUI.cpp">
      <Filter>Source</Filter>
    </ClCompile>
    <ClCompile Include="..\Source\mgCursorDefn.cpp">
      <Filter>Source</Filter>
    </ClCompile>
    <ClCompile Include="..\Source\Planet.cpp">
      <Filter>Source</Filter>
    </ClCompile>
  </ItemGroup>
  <ItemGroup>
    <ClInclude Include="..\Source\stdafx.h">
      <Filter>Source</Filter>
    </ClInclude>
    <ClInclude Include="..\Source\TextureSurface.h">
      <Filter>Source</Filter>
    </ClInclude>
    <ClInclude Include="..\Source\GuiTestGL.h">
      <Filter>Source</Filter>
    </ClInclude>
    <ClInclude Include="..\Source\mgFontList.h">
      <Filter>Source</Filter>
    </ClInclude>
    <ClInclude Include="..\Source\SampleUI.h">
      <Filter>Source</Filter>
    </ClInclude>
    <ClInclude Include="..\Source\mgCursorDefn.h">
      <Filter>Source</Filter>
    </ClInclude>
    <ClInclude Include="..\Source\Planet.h">
      <Filter>Source</Filter>
    </ClInclude>
  </ItemGroup>
</Project>