<?xml version="1.0" encoding="utf-8"?>
<Project ToolsVersion="4.0" xmlns="http://schemas.microsoft.com/developer/msbuild/2003">
  <ItemGroup>
    <Filter Include="Include">
      <UniqueIdentifier>{b9adcb38-6961-4dbd-97f9-317d1705b1ec}</UniqueIdentifier>
    </Filter>
    <Filter Include="Source">
      <UniqueIdentifier>{07918a3d-a625-49ab-985e-a1cdc5ffb0ae}</UniqueIdentifier>
    </Filter>
  </ItemGroup>
  <ItemGroup>
    <ClInclude Include="..\Include\zconf.h">
      <Filter>Include</Filter>
    </ClInclude>
    <ClInclude Include="..\Include\zlib.h">
      <Filter>Include</Filter>
    </ClInclude>
    <ClInclude Include="..\Source\crc32.h">
      <Filter>Source</Filter>
    </ClInclude>
    <ClInclude Include="..\Source\inffast.h">
      <Filter>Source</Filter>
    </ClInclude>
    <ClInclude Include="..\Source\inffixed.h">
      <Filter>Source</Filter>
    </ClInclude>
    <ClInclude Include="..\Source\inflate.h">
      <Filter>Source</Filter>
    </ClInclude>
    <ClInclude Include="..\Source\inftrees.h">
      <Filter>Source</Filter>
    </ClInclude>
    <ClInclude Include="..\Source\zutil.h">
      <Filter>Source</Filter>
    </ClInclude>
    <ClInclude Include="..\Source\deflate.h">
      <Filter>Source</Filter>
    </ClInclude>
    <ClInclude Include="..\Source\trees.h">
      <Filter>Source</Filter>
    </ClInclude>
  </ItemGroup>
  <ItemGroup>
    <ClCompile Include="..\Source\adler32.c">
      <Filter>Source</Filter>
    </ClCompile>
    <ClCompile Include="..\Source\crc32.c">
      <Filter>Source</Filter>
    </ClCompile>
    <ClCompile Include="..\Source\inffast.c">
      <Filter>Source</Filter>
    </ClCompile>
    <ClCompile Include="..\Source\inflate.c">
      <Filter>Source</Filter>
    </ClCompile>
    <ClCompile Include="..\Source\inftrees.c">
      <Filter>Source</Filter>
    </ClCompile>
    <ClCompile Include="..\Source\zutil.c">
      <Filter>Source</Filter>
    </ClCompile>
    <ClCompile Include="..\Source\deflate.c">
      <Filter>Source</Filter>
    </ClCompile>
    <ClCompile Include="..\Source\trees.c">
      <Filter>Source</Filter>
    </ClCompile>
  </ItemGroup>
</Project>